// !$*UTF8*$!
{
	archiveVersion = 1;
	classes = {
	};
	objectVersion = 48;
	objects = {

/* Begin PBXBuildFile section */
		57066987213904F40054A2B8 /* LoginViewController.m in Sources */ = {isa = PBXBuildFile; fileRef = 57066986213904F40054A2B8 /* LoginViewController.m */; };
		5706698A213905080054A2B8 /* LoginViewModel.m in Sources */ = {isa = PBXBuildFile; fileRef = 57066989213905080054A2B8 /* LoginViewModel.m */; };
		5706698E213908B90054A2B8 /* OMApiProxy.m in Sources */ = {isa = PBXBuildFile; fileRef = 5706698D213908B90054A2B8 /* OMApiProxy.m */; };
		57189BCC214B8A5000DEF6C3 /* VideoTag.m in Sources */ = {isa = PBXBuildFile; fileRef = 57189BCB214B8A5000DEF6C3 /* VideoTag.m */; };
		57189BCF214B8B9100DEF6C3 /* VideoAuthor.m in Sources */ = {isa = PBXBuildFile; fileRef = 57189BCE214B8B9100DEF6C3 /* VideoAuthor.m */; };
		57189BD2214B97BD00DEF6C3 /* VideoCell.m in Sources */ = {isa = PBXBuildFile; fileRef = 57189BD1214B97BD00DEF6C3 /* VideoCell.m */; };
		57189BD8214B9C3D00DEF6C3 /* PlayInfo.m in Sources */ = {isa = PBXBuildFile; fileRef = 57189BD7214B9C3D00DEF6C3 /* PlayInfo.m */; };
		57189BDB214BA59400DEF6C3 /* Media.m in Sources */ = {isa = PBXBuildFile; fileRef = 57189BDA214BA59400DEF6C3 /* Media.m */; };
		571EB84A2151F411008695C7 /* MediaPlayerView.m in Sources */ = {isa = PBXBuildFile; fileRef = 571EB8492151F411008695C7 /* MediaPlayerView.m */; };
		571F60B2214247200024C840 /* ForgotPsdViewController.m in Sources */ = {isa = PBXBuildFile; fileRef = 571F60B1214247200024C840 /* ForgotPsdViewController.m */; };
		571F60B721424B850024C840 /* CTMediator+Login.m in Sources */ = {isa = PBXBuildFile; fileRef = 571F60B621424B850024C840 /* CTMediator+Login.m */; };
		57247A5321474F420044D245 /* CTMediator+WallPaper.m in Sources */ = {isa = PBXBuildFile; fileRef = 57247A5221474F420044D245 /* CTMediator+WallPaper.m */; };
		57247A5721474FFC0044D245 /* CTMediator+Download.m in Sources */ = {isa = PBXBuildFile; fileRef = 57247A5621474FFC0044D245 /* CTMediator+Download.m */; };
		57247A5B214750610044D245 /* Target_Download.m in Sources */ = {isa = PBXBuildFile; fileRef = 57247A5A214750610044D245 /* Target_Download.m */; };
		57247A5F214751410044D245 /* Target_WallPaper.m in Sources */ = {isa = PBXBuildFile; fileRef = 57247A5E214751410044D245 /* Target_WallPaper.m */; };
		57247A6221475ACB0044D245 /* OMDownloadService.m in Sources */ = {isa = PBXBuildFile; fileRef = 57247A6121475ACB0044D245 /* OMDownloadService.m */; };
		5737E65D2148A25000423E9E /* DateFormatterManager.m in Sources */ = {isa = PBXBuildFile; fileRef = 5737E65C2148A25000423E9E /* DateFormatterManager.m */; };
		5737E6602148A7D000423E9E /* NSDate+RAC.m in Sources */ = {isa = PBXBuildFile; fileRef = 5737E65F2148A7D000423E9E /* NSDate+RAC.m */; };
		5737E6632148B1FF00423E9E /* UIImage+RAC.m in Sources */ = {isa = PBXBuildFile; fileRef = 5737E6622148B1FF00423E9E /* UIImage+RAC.m */; };
		5737E6662148B3D500423E9E /* UIImageView+RAC.m in Sources */ = {isa = PBXBuildFile; fileRef = 5737E6652148B3D500423E9E /* UIImageView+RAC.m */; };
		574B92DD21424F87008891EE /* Target_Login.m in Sources */ = {isa = PBXBuildFile; fileRef = 574B92DB21424F87008891EE /* Target_Login.m */; };
		57654F292138E94200E406F4 /* AppDelegate.m in Sources */ = {isa = PBXBuildFile; fileRef = 57654F282138E94200E406F4 /* AppDelegate.m */; };
		57654F312138E94200E406F4 /* Assets.xcassets in Resources */ = {isa = PBXBuildFile; fileRef = 57654F302138E94200E406F4 /* Assets.xcassets */; };
		57654F372138E94200E406F4 /* main.m in Sources */ = {isa = PBXBuildFile; fileRef = 57654F362138E94200E406F4 /* main.m */; };
		57654F412138E94300E406F4 /* RACTests.m in Sources */ = {isa = PBXBuildFile; fileRef = 57654F402138E94300E406F4 /* RACTests.m */; };
		57654F5A2138E9F700E406F4 /* ArticleViewController.m in Sources */ = {isa = PBXBuildFile; fileRef = 57654F592138E9F700E406F4 /* ArticleViewController.m */; };
		57654F5D2138EA0000E406F4 /* UserViewController.m in Sources */ = {isa = PBXBuildFile; fileRef = 57654F5C2138EA0000E406F4 /* UserViewController.m */; };
		57654F602138EA0C00E406F4 /* RootViewController.m in Sources */ = {isa = PBXBuildFile; fileRef = 57654F5F2138EA0C00E406F4 /* RootViewController.m */; };
		57670187214A03B700118CE3 /* ParagraphCell.m in Sources */ = {isa = PBXBuildFile; fileRef = 57670186214A03B700118CE3 /* ParagraphCell.m */; };
		5767018D214A098900118CE3 /* ArticleTitleView.m in Sources */ = {isa = PBXBuildFile; fileRef = 5767018C214A098900118CE3 /* ArticleTitleView.m */; };
		57670198214A49C200118CE3 /* VideoViewController.m in Sources */ = {isa = PBXBuildFile; fileRef = 57670197214A49C200118CE3 /* VideoViewController.m */; };
		5767019C214A4A0C00118CE3 /* Target_Article.m in Sources */ = {isa = PBXBuildFile; fileRef = 5767019B214A4A0C00118CE3 /* Target_Article.m */; };
		576701A3214A4A3E00118CE3 /* CTMediator+Article.m in Sources */ = {isa = PBXBuildFile; fileRef = 576701A2214A4A3E00118CE3 /* CTMediator+Article.m */; };
		576701AB214A4BC000118CE3 /* CTMediator+Video.m in Sources */ = {isa = PBXBuildFile; fileRef = 576701AA214A4BC000118CE3 /* CTMediator+Video.m */; };
		576701AF214A4C1F00118CE3 /* Target_Video.m in Sources */ = {isa = PBXBuildFile; fileRef = 576701AE214A4C1F00118CE3 /* Target_Video.m */; };
		576701B2214A4EB300118CE3 /* VideoViewModel.m in Sources */ = {isa = PBXBuildFile; fileRef = 576701B1214A4EB300118CE3 /* VideoViewModel.m */; };
		576701B5214A4F5B00118CE3 /* Video.m in Sources */ = {isa = PBXBuildFile; fileRef = 576701B4214A4F5B00118CE3 /* Video.m */; };
		576C08352150A44E00DFA2B9 /* OMSheetGridCell.m in Sources */ = {isa = PBXBuildFile; fileRef = 576C08332150A44E00DFA2B9 /* OMSheetGridCell.m */; };
		576C08362150A44E00DFA2B9 /* OMSheetGridView.m in Sources */ = {isa = PBXBuildFile; fileRef = 576C08342150A44E00DFA2B9 /* OMSheetGridView.m */; };
		576C08392150A47200DFA2B9 /* OMSheetGridItem.m in Sources */ = {isa = PBXBuildFile; fileRef = 576C08382150A47200DFA2B9 /* OMSheetGridItem.m */; };
		57819E382149F73F001E36EB /* ArticleViewModel.m in Sources */ = {isa = PBXBuildFile; fileRef = 57819E372149F73F001E36EB /* ArticleViewModel.m */; };
		57840A8C2147B984004D299F /* WallPaperCommentViewController.m in Sources */ = {isa = PBXBuildFile; fileRef = 57840A8B2147B984004D299F /* WallPaperCommentViewController.m */; };
		57840A8F2147BB62004D299F /* WallPaperCommentCell.m in Sources */ = {isa = PBXBuildFile; fileRef = 57840A8E2147BB62004D299F /* WallPaperCommentCell.m */; };
		57840A922147BD4D004D299F /* WallPaperComment.m in Sources */ = {isa = PBXBuildFile; fileRef = 57840A912147BD4D004D299F /* WallPaperComment.m */; };
		57840A952147BF66004D299F /* User.m in Sources */ = {isa = PBXBuildFile; fileRef = 57840A942147BF66004D299F /* User.m */; };
		57840A982147C465004D299F /* WallPaperCommentCellFrame.m in Sources */ = {isa = PBXBuildFile; fileRef = 57840A972147C465004D299F /* WallPaperCommentCellFrame.m */; };
		57840A9B2147C50D004D299F /* LikeButton.m in Sources */ = {isa = PBXBuildFile; fileRef = 57840A9A2147C50D004D299F /* LikeButton.m */; };
		57840A9F2147C719004D299F /* UIColor+RAC.m in Sources */ = {isa = PBXBuildFile; fileRef = 57840A9D2147C719004D299F /* UIColor+RAC.m */; };
		57BD91B321461772005762D0 /* WallPaperCategoryViewController.m in Sources */ = {isa = PBXBuildFile; fileRef = 57BD91B221461772005762D0 /* WallPaperCategoryViewController.m */; };
		57BD91B621461B1D005762D0 /* WallPaperViewModel.m in Sources */ = {isa = PBXBuildFile; fileRef = 57BD91B521461B1D005762D0 /* WallPaperViewModel.m */; };
		57BD91B921461DA2005762D0 /* WallPaperCategoryCell.m in Sources */ = {isa = PBXBuildFile; fileRef = 57BD91B821461DA2005762D0 /* WallPaperCategoryCell.m */; };
		57BD91BC21461E66005762D0 /* WallPaperCategory.m in Sources */ = {isa = PBXBuildFile; fileRef = 57BD91BB21461E66005762D0 /* WallPaperCategory.m */; };
		57BD91BF2146598C005762D0 /* WallPaperViewController.m in Sources */ = {isa = PBXBuildFile; fileRef = 57BD91BE2146598C005762D0 /* WallPaperViewController.m */; };
		57BD91C221465C79005762D0 /* WallPaperCell.m in Sources */ = {isa = PBXBuildFile; fileRef = 57BD91C121465C79005762D0 /* WallPaperCell.m */; };
		57BD91C521465F5D005762D0 /* WallPaper.m in Sources */ = {isa = PBXBuildFile; fileRef = 57BD91C421465F5D005762D0 /* WallPaper.m */; };
		57BD91D121466E54005762D0 /* OMDownloadManager.m in Sources */ = {isa = PBXBuildFile; fileRef = 57BD91D021466E54005762D0 /* OMDownloadManager.m */; };
		57BD91D621466F71005762D0 /* DownloadViewController.m in Sources */ = {isa = PBXBuildFile; fileRef = 57BD91D521466F71005762D0 /* DownloadViewController.m */; };
		57BD91DA21466FF5005762D0 /* DownloadView.m in Sources */ = {isa = PBXBuildFile; fileRef = 57BD91D921466FF5005762D0 /* DownloadView.m */; };
		57D9BE4B2142522B0018D5D3 /* RegisterViewController.m in Sources */ = {isa = PBXBuildFile; fileRef = 57D9BE4A2142522B0018D5D3 /* RegisterViewController.m */; };
		57D9BE4E214257E30018D5D3 /* RegisterViewModel.m in Sources */ = {isa = PBXBuildFile; fileRef = 57D9BE4D214257E30018D5D3 /* RegisterViewModel.m */; };
		AE1037D73AC5EED911EA3043 /* libPods-RAC.a in Frameworks */ = {isa = PBXBuildFile; fileRef = C07B8F24BB4C03F917661D3A /* libPods-RAC.a */; };
		D34BD9588A0B31262D57315F /* libPods-RACTests.a in Frameworks */ = {isa = PBXBuildFile; fileRef = C4D3BAF681FDC3B2331D9258 /* libPods-RACTests.a */; };
/* End PBXBuildFile section */

/* Begin PBXContainerItemProxy section */
		57654F3D2138E94200E406F4 /* PBXContainerItemProxy */ = {
			isa = PBXContainerItemProxy;
			containerPortal = 57654F1C2138E94200E406F4 /* Project object */;
			proxyType = 1;
			remoteGlobalIDString = 57654F232138E94200E406F4;
			remoteInfo = RAC;
		};
/* End PBXContainerItemProxy section */

/* Begin PBXCopyFilesBuildPhase section */
		571EB83B2151E9BD008695C7 /* Embed Frameworks */ = {
			isa = PBXCopyFilesBuildPhase;
			buildActionMask = 2147483647;
			dstPath = "";
			dstSubfolderSpec = 10;
			files = (
			);
			name = "Embed Frameworks";
			runOnlyForDeploymentPostprocessing = 0;
		};
/* End PBXCopyFilesBuildPhase section */

/* Begin PBXFileReference section */
		1F257DB26617E12DECE13ECD /* Pods-RAC.debug.xcconfig */ = {isa = PBXFileReference; includeInIndex = 1; lastKnownFileType = text.xcconfig; name = "Pods-RAC.debug.xcconfig"; path = "Pods/Target Support Files/Pods-RAC/Pods-RAC.debug.xcconfig"; sourceTree = "<group>"; };
		26C3C1CFB932E20231B2A01E /* Pods-RACTests.debug.xcconfig */ = {isa = PBXFileReference; includeInIndex = 1; lastKnownFileType = text.xcconfig; name = "Pods-RACTests.debug.xcconfig"; path = "Pods/Target Support Files/Pods-RACTests/Pods-RACTests.debug.xcconfig"; sourceTree = "<group>"; };
		31BABFCA511C6335C17FE7A9 /* Pods-RACTests.release.xcconfig */ = {isa = PBXFileReference; includeInIndex = 1; lastKnownFileType = text.xcconfig; name = "Pods-RACTests.release.xcconfig"; path = "Pods/Target Support Files/Pods-RACTests/Pods-RACTests.release.xcconfig"; sourceTree = "<group>"; };
		57066985213904F40054A2B8 /* LoginViewController.h */ = {isa = PBXFileReference; lastKnownFileType = sourcecode.c.h; path = LoginViewController.h; sourceTree = "<group>"; };
		57066986213904F40054A2B8 /* LoginViewController.m */ = {isa = PBXFileReference; lastKnownFileType = sourcecode.c.objc; path = LoginViewController.m; sourceTree = "<group>"; };
		57066988213905080054A2B8 /* LoginViewModel.h */ = {isa = PBXFileReference; lastKnownFileType = sourcecode.c.h; path = LoginViewModel.h; sourceTree = "<group>"; };
		57066989213905080054A2B8 /* LoginViewModel.m */ = {isa = PBXFileReference; lastKnownFileType = sourcecode.c.objc; path = LoginViewModel.m; sourceTree = "<group>"; };
		5706698C213908B90054A2B8 /* OMApiProxy.h */ = {isa = PBXFileReference; lastKnownFileType = sourcecode.c.h; path = OMApiProxy.h; sourceTree = "<group>"; };
		5706698D213908B90054A2B8 /* OMApiProxy.m */ = {isa = PBXFileReference; lastKnownFileType = sourcecode.c.objc; path = OMApiProxy.m; sourceTree = "<group>"; };
		57189BCA214B8A5000DEF6C3 /* VideoTag.h */ = {isa = PBXFileReference; lastKnownFileType = sourcecode.c.h; path = VideoTag.h; sourceTree = "<group>"; };
		57189BCB214B8A5000DEF6C3 /* VideoTag.m */ = {isa = PBXFileReference; lastKnownFileType = sourcecode.c.objc; path = VideoTag.m; sourceTree = "<group>"; };
		57189BCD214B8B9100DEF6C3 /* VideoAuthor.h */ = {isa = PBXFileReference; lastKnownFileType = sourcecode.c.h; path = VideoAuthor.h; sourceTree = "<group>"; };
		57189BCE214B8B9100DEF6C3 /* VideoAuthor.m */ = {isa = PBXFileReference; lastKnownFileType = sourcecode.c.objc; path = VideoAuthor.m; sourceTree = "<group>"; };
		57189BD0214B97BD00DEF6C3 /* VideoCell.h */ = {isa = PBXFileReference; lastKnownFileType = sourcecode.c.h; path = VideoCell.h; sourceTree = "<group>"; };
		57189BD1214B97BD00DEF6C3 /* VideoCell.m */ = {isa = PBXFileReference; lastKnownFileType = sourcecode.c.objc; path = VideoCell.m; sourceTree = "<group>"; };
		57189BD6214B9C3D00DEF6C3 /* PlayInfo.h */ = {isa = PBXFileReference; lastKnownFileType = sourcecode.c.h; path = PlayInfo.h; sourceTree = "<group>"; };
		57189BD7214B9C3D00DEF6C3 /* PlayInfo.m */ = {isa = PBXFileReference; lastKnownFileType = sourcecode.c.objc; path = PlayInfo.m; sourceTree = "<group>"; };
		57189BD9214BA59400DEF6C3 /* Media.h */ = {isa = PBXFileReference; lastKnownFileType = sourcecode.c.h; path = Media.h; sourceTree = "<group>"; };
		57189BDA214BA59400DEF6C3 /* Media.m */ = {isa = PBXFileReference; lastKnownFileType = sourcecode.c.objc; path = Media.m; sourceTree = "<group>"; };
		571EB8212151E919008695C7 /* AudioToolbox.framework */ = {isa = PBXFileReference; lastKnownFileType = wrapper.framework; name = AudioToolbox.framework; path = System/Library/Frameworks/AudioToolbox.framework; sourceTree = SDKROOT; };
		571EB8232151E923008695C7 /* AVFoundation.framework */ = {isa = PBXFileReference; lastKnownFileType = wrapper.framework; name = AVFoundation.framework; path = System/Library/Frameworks/AVFoundation.framework; sourceTree = SDKROOT; };
		571EB8252151E92C008695C7 /* CoreGraphics.framework */ = {isa = PBXFileReference; lastKnownFileType = wrapper.framework; name = CoreGraphics.framework; path = System/Library/Frameworks/CoreGraphics.framework; sourceTree = SDKROOT; };
		571EB8272151E937008695C7 /* CoreMedia.framework */ = {isa = PBXFileReference; lastKnownFileType = wrapper.framework; name = CoreMedia.framework; path = System/Library/Frameworks/CoreMedia.framework; sourceTree = SDKROOT; };
		571EB8292151E941008695C7 /* CoreVideo.framework */ = {isa = PBXFileReference; lastKnownFileType = wrapper.framework; name = CoreVideo.framework; path = System/Library/Frameworks/CoreVideo.framework; sourceTree = SDKROOT; };
		571EB82B2151E952008695C7 /* libbz2.tbd */ = {isa = PBXFileReference; lastKnownFileType = "sourcecode.text-based-dylib-definition"; name = libbz2.tbd; path = usr/lib/libbz2.tbd; sourceTree = SDKROOT; };
		571EB82D2151E95C008695C7 /* MediaPlayer.framework */ = {isa = PBXFileReference; lastKnownFileType = wrapper.framework; name = MediaPlayer.framework; path = System/Library/Frameworks/MediaPlayer.framework; sourceTree = SDKROOT; };
		571EB82F2151E963008695C7 /* MobileCoreServices.framework */ = {isa = PBXFileReference; lastKnownFileType = wrapper.framework; name = MobileCoreServices.framework; path = System/Library/Frameworks/MobileCoreServices.framework; sourceTree = SDKROOT; };
		571EB8312151E96A008695C7 /* OpenGLES.framework */ = {isa = PBXFileReference; lastKnownFileType = wrapper.framework; name = OpenGLES.framework; path = System/Library/Frameworks/OpenGLES.framework; sourceTree = SDKROOT; };
		571EB8332151E971008695C7 /* QuartzCore.framework */ = {isa = PBXFileReference; lastKnownFileType = wrapper.framework; name = QuartzCore.framework; path = System/Library/Frameworks/QuartzCore.framework; sourceTree = SDKROOT; };
		571EB8352151E978008695C7 /* UIKit.framework */ = {isa = PBXFileReference; lastKnownFileType = wrapper.framework; name = UIKit.framework; path = System/Library/Frameworks/UIKit.framework; sourceTree = SDKROOT; };
		571EB8372151E980008695C7 /* VideoToolbox.framework */ = {isa = PBXFileReference; lastKnownFileType = wrapper.framework; name = VideoToolbox.framework; path = System/Library/Frameworks/VideoToolbox.framework; sourceTree = SDKROOT; };
		571EB8422151F0E9008695C7 /* CoreAudio.framework */ = {isa = PBXFileReference; lastKnownFileType = wrapper.framework; name = CoreAudio.framework; path = System/Library/Frameworks/CoreAudio.framework; sourceTree = SDKROOT; };
		571EB8442151F1B3008695C7 /* libc++.tbd */ = {isa = PBXFileReference; lastKnownFileType = "sourcecode.text-based-dylib-definition"; name = "libc++.tbd"; path = "usr/lib/libc++.tbd"; sourceTree = SDKROOT; };
		571EB8462151F294008695C7 /* libbz2.1.0.tbd */ = {isa = PBXFileReference; lastKnownFileType = "sourcecode.text-based-dylib-definition"; name = libbz2.1.0.tbd; path = usr/lib/libbz2.1.0.tbd; sourceTree = SDKROOT; };
		571EB8482151F411008695C7 /* MediaPlayerView.h */ = {isa = PBXFileReference; lastKnownFileType = sourcecode.c.h; path = MediaPlayerView.h; sourceTree = "<group>"; };
		571EB8492151F411008695C7 /* MediaPlayerView.m */ = {isa = PBXFileReference; lastKnownFileType = sourcecode.c.objc; path = MediaPlayerView.m; sourceTree = "<group>"; };
		571F60B0214247200024C840 /* ForgotPsdViewController.h */ = {isa = PBXFileReference; lastKnownFileType = sourcecode.c.h; path = ForgotPsdViewController.h; sourceTree = "<group>"; };
		571F60B1214247200024C840 /* ForgotPsdViewController.m */ = {isa = PBXFileReference; lastKnownFileType = sourcecode.c.objc; path = ForgotPsdViewController.m; sourceTree = "<group>"; };
		571F60B521424B850024C840 /* CTMediator+Login.h */ = {isa = PBXFileReference; lastKnownFileType = sourcecode.c.h; path = "CTMediator+Login.h"; sourceTree = "<group>"; };
		571F60B621424B850024C840 /* CTMediator+Login.m */ = {isa = PBXFileReference; lastKnownFileType = sourcecode.c.objc; path = "CTMediator+Login.m"; sourceTree = "<group>"; };
		57247A5121474F420044D245 /* CTMediator+WallPaper.h */ = {isa = PBXFileReference; lastKnownFileType = sourcecode.c.h; path = "CTMediator+WallPaper.h"; sourceTree = "<group>"; };
		57247A5221474F420044D245 /* CTMediator+WallPaper.m */ = {isa = PBXFileReference; lastKnownFileType = sourcecode.c.objc; path = "CTMediator+WallPaper.m"; sourceTree = "<group>"; };
		57247A5521474FFC0044D245 /* CTMediator+Download.h */ = {isa = PBXFileReference; lastKnownFileType = sourcecode.c.h; path = "CTMediator+Download.h"; sourceTree = "<group>"; };
		57247A5621474FFC0044D245 /* CTMediator+Download.m */ = {isa = PBXFileReference; lastKnownFileType = sourcecode.c.objc; path = "CTMediator+Download.m"; sourceTree = "<group>"; };
		57247A59214750610044D245 /* Target_Download.h */ = {isa = PBXFileReference; lastKnownFileType = sourcecode.c.h; path = Target_Download.h; sourceTree = "<group>"; };
		57247A5A214750610044D245 /* Target_Download.m */ = {isa = PBXFileReference; lastKnownFileType = sourcecode.c.objc; path = Target_Download.m; sourceTree = "<group>"; };
		57247A5D214751410044D245 /* Target_WallPaper.h */ = {isa = PBXFileReference; lastKnownFileType = sourcecode.c.h; path = Target_WallPaper.h; sourceTree = "<group>"; };
		57247A5E214751410044D245 /* Target_WallPaper.m */ = {isa = PBXFileReference; lastKnownFileType = sourcecode.c.objc; path = Target_WallPaper.m; sourceTree = "<group>"; };
		57247A6021475ACB0044D245 /* OMDownloadService.h */ = {isa = PBXFileReference; lastKnownFileType = sourcecode.c.h; path = OMDownloadService.h; sourceTree = "<group>"; };
		57247A6121475ACB0044D245 /* OMDownloadService.m */ = {isa = PBXFileReference; lastKnownFileType = sourcecode.c.objc; path = OMDownloadService.m; sourceTree = "<group>"; };
		5737E65B2148A25000423E9E /* DateFormatterManager.h */ = {isa = PBXFileReference; lastKnownFileType = sourcecode.c.h; path = DateFormatterManager.h; sourceTree = "<group>"; };
		5737E65C2148A25000423E9E /* DateFormatterManager.m */ = {isa = PBXFileReference; lastKnownFileType = sourcecode.c.objc; path = DateFormatterManager.m; sourceTree = "<group>"; };
		5737E65E2148A7D000423E9E /* NSDate+RAC.h */ = {isa = PBXFileReference; lastKnownFileType = sourcecode.c.h; path = "NSDate+RAC.h"; sourceTree = "<group>"; };
		5737E65F2148A7D000423E9E /* NSDate+RAC.m */ = {isa = PBXFileReference; lastKnownFileType = sourcecode.c.objc; path = "NSDate+RAC.m"; sourceTree = "<group>"; };
		5737E6612148B1FF00423E9E /* UIImage+RAC.h */ = {isa = PBXFileReference; lastKnownFileType = sourcecode.c.h; path = "UIImage+RAC.h"; sourceTree = "<group>"; };
		5737E6622148B1FF00423E9E /* UIImage+RAC.m */ = {isa = PBXFileReference; lastKnownFileType = sourcecode.c.objc; path = "UIImage+RAC.m"; sourceTree = "<group>"; };
		5737E6642148B3D500423E9E /* UIImageView+RAC.h */ = {isa = PBXFileReference; lastKnownFileType = sourcecode.c.h; path = "UIImageView+RAC.h"; sourceTree = "<group>"; };
		5737E6652148B3D500423E9E /* UIImageView+RAC.m */ = {isa = PBXFileReference; lastKnownFileType = sourcecode.c.objc; path = "UIImageView+RAC.m"; sourceTree = "<group>"; };
		574B92DB21424F87008891EE /* Target_Login.m */ = {isa = PBXFileReference; fileEncoding = 4; lastKnownFileType = sourcecode.c.objc; path = Target_Login.m; sourceTree = "<group>"; };
		574B92DC21424F87008891EE /* Target_Login.h */ = {isa = PBXFileReference; fileEncoding = 4; lastKnownFileType = sourcecode.c.h; path = Target_Login.h; sourceTree = "<group>"; };
		57654F242138E94200E406F4 /* RAC.app */ = {isa = PBXFileReference; explicitFileType = wrapper.application; includeInIndex = 0; path = RAC.app; sourceTree = BUILT_PRODUCTS_DIR; };
		57654F272138E94200E406F4 /* AppDelegate.h */ = {isa = PBXFileReference; lastKnownFileType = sourcecode.c.h; path = AppDelegate.h; sourceTree = "<group>"; };
		57654F282138E94200E406F4 /* AppDelegate.m */ = {isa = PBXFileReference; lastKnownFileType = sourcecode.c.objc; path = AppDelegate.m; sourceTree = "<group>"; };
		57654F302138E94200E406F4 /* Assets.xcassets */ = {isa = PBXFileReference; lastKnownFileType = folder.assetcatalog; path = Assets.xcassets; sourceTree = "<group>"; };
		57654F352138E94200E406F4 /* Info.plist */ = {isa = PBXFileReference; lastKnownFileType = text.plist.xml; path = Info.plist; sourceTree = "<group>"; };
		57654F362138E94200E406F4 /* main.m */ = {isa = PBXFileReference; lastKnownFileType = sourcecode.c.objc; path = main.m; sourceTree = "<group>"; };
		57654F3C2138E94200E406F4 /* RACTests.xctest */ = {isa = PBXFileReference; explicitFileType = wrapper.cfbundle; includeInIndex = 0; path = RACTests.xctest; sourceTree = BUILT_PRODUCTS_DIR; };
		57654F402138E94300E406F4 /* RACTests.m */ = {isa = PBXFileReference; lastKnownFileType = sourcecode.c.objc; path = RACTests.m; sourceTree = "<group>"; };
		57654F422138E94300E406F4 /* Info.plist */ = {isa = PBXFileReference; lastKnownFileType = text.plist.xml; path = Info.plist; sourceTree = "<group>"; };
		57654F582138E9F700E406F4 /* ArticleViewController.h */ = {isa = PBXFileReference; lastKnownFileType = sourcecode.c.h; path = ArticleViewController.h; sourceTree = "<group>"; };
		57654F592138E9F700E406F4 /* ArticleViewController.m */ = {isa = PBXFileReference; lastKnownFileType = sourcecode.c.objc; path = ArticleViewController.m; sourceTree = "<group>"; };
		57654F5B2138EA0000E406F4 /* UserViewController.h */ = {isa = PBXFileReference; lastKnownFileType = sourcecode.c.h; path = UserViewController.h; sourceTree = "<group>"; };
		57654F5C2138EA0000E406F4 /* UserViewController.m */ = {isa = PBXFileReference; lastKnownFileType = sourcecode.c.objc; path = UserViewController.m; sourceTree = "<group>"; };
		57654F5E2138EA0C00E406F4 /* RootViewController.h */ = {isa = PBXFileReference; lastKnownFileType = sourcecode.c.h; path = RootViewController.h; sourceTree = "<group>"; };
		57654F5F2138EA0C00E406F4 /* RootViewController.m */ = {isa = PBXFileReference; lastKnownFileType = sourcecode.c.objc; path = RootViewController.m; sourceTree = "<group>"; };
		57670185214A03B700118CE3 /* ParagraphCell.h */ = {isa = PBXFileReference; lastKnownFileType = sourcecode.c.h; path = ParagraphCell.h; sourceTree = "<group>"; };
		57670186214A03B700118CE3 /* ParagraphCell.m */ = {isa = PBXFileReference; lastKnownFileType = sourcecode.c.objc; path = ParagraphCell.m; sourceTree = "<group>"; };
		5767018B214A098900118CE3 /* ArticleTitleView.h */ = {isa = PBXFileReference; lastKnownFileType = sourcecode.c.h; path = ArticleTitleView.h; sourceTree = "<group>"; };
		5767018C214A098900118CE3 /* ArticleTitleView.m */ = {isa = PBXFileReference; lastKnownFileType = sourcecode.c.objc; path = ArticleTitleView.m; sourceTree = "<group>"; };
		57670196214A49C200118CE3 /* VideoViewController.h */ = {isa = PBXFileReference; lastKnownFileType = sourcecode.c.h; path = VideoViewController.h; sourceTree = "<group>"; };
		57670197214A49C200118CE3 /* VideoViewController.m */ = {isa = PBXFileReference; lastKnownFileType = sourcecode.c.objc; path = VideoViewController.m; sourceTree = "<group>"; };
		5767019A214A4A0C00118CE3 /* Target_Article.h */ = {isa = PBXFileReference; lastKnownFileType = sourcecode.c.h; path = Target_Article.h; sourceTree = "<group>"; };
		5767019B214A4A0C00118CE3 /* Target_Article.m */ = {isa = PBXFileReference; lastKnownFileType = sourcecode.c.objc; path = Target_Article.m; sourceTree = "<group>"; };
		576701A1214A4A3E00118CE3 /* CTMediator+Article.h */ = {isa = PBXFileReference; lastKnownFileType = sourcecode.c.h; path = "CTMediator+Article.h"; sourceTree = "<group>"; };
		576701A2214A4A3E00118CE3 /* CTMediator+Article.m */ = {isa = PBXFileReference; lastKnownFileType = sourcecode.c.objc; path = "CTMediator+Article.m"; sourceTree = "<group>"; };
		576701A9214A4BC000118CE3 /* CTMediator+Video.h */ = {isa = PBXFileReference; fileEncoding = 4; lastKnownFileType = sourcecode.c.h; path = "CTMediator+Video.h"; sourceTree = "<group>"; };
		576701AA214A4BC000118CE3 /* CTMediator+Video.m */ = {isa = PBXFileReference; fileEncoding = 4; lastKnownFileType = sourcecode.c.objc; path = "CTMediator+Video.m"; sourceTree = "<group>"; };
		576701AD214A4C1F00118CE3 /* Target_Video.h */ = {isa = PBXFileReference; lastKnownFileType = sourcecode.c.h; path = Target_Video.h; sourceTree = "<group>"; };
		576701AE214A4C1F00118CE3 /* Target_Video.m */ = {isa = PBXFileReference; lastKnownFileType = sourcecode.c.objc; path = Target_Video.m; sourceTree = "<group>"; };
		576701B0214A4EB300118CE3 /* VideoViewModel.h */ = {isa = PBXFileReference; lastKnownFileType = sourcecode.c.h; path = VideoViewModel.h; sourceTree = "<group>"; };
		576701B1214A4EB300118CE3 /* VideoViewModel.m */ = {isa = PBXFileReference; lastKnownFileType = sourcecode.c.objc; path = VideoViewModel.m; sourceTree = "<group>"; };
		576701B3214A4F5B00118CE3 /* Video.h */ = {isa = PBXFileReference; lastKnownFileType = sourcecode.c.h; path = Video.h; sourceTree = "<group>"; };
		576701B4214A4F5B00118CE3 /* Video.m */ = {isa = PBXFileReference; lastKnownFileType = sourcecode.c.objc; path = Video.m; sourceTree = "<group>"; };
		576C08312150A44E00DFA2B9 /* OMSheetGridCell.h */ = {isa = PBXFileReference; fileEncoding = 4; lastKnownFileType = sourcecode.c.h; path = OMSheetGridCell.h; sourceTree = "<group>"; };
		576C08322150A44E00DFA2B9 /* OMSheetGridView.h */ = {isa = PBXFileReference; fileEncoding = 4; lastKnownFileType = sourcecode.c.h; path = OMSheetGridView.h; sourceTree = "<group>"; };
		576C08332150A44E00DFA2B9 /* OMSheetGridCell.m */ = {isa = PBXFileReference; fileEncoding = 4; lastKnownFileType = sourcecode.c.objc; path = OMSheetGridCell.m; sourceTree = "<group>"; };
		576C08342150A44E00DFA2B9 /* OMSheetGridView.m */ = {isa = PBXFileReference; fileEncoding = 4; lastKnownFileType = sourcecode.c.objc; path = OMSheetGridView.m; sourceTree = "<group>"; };
		576C08372150A47200DFA2B9 /* OMSheetGridItem.h */ = {isa = PBXFileReference; lastKnownFileType = sourcecode.c.h; path = OMSheetGridItem.h; sourceTree = "<group>"; };
		576C08382150A47200DFA2B9 /* OMSheetGridItem.m */ = {isa = PBXFileReference; lastKnownFileType = sourcecode.c.objc; path = OMSheetGridItem.m; sourceTree = "<group>"; };
		57819E362149F73F001E36EB /* ArticleViewModel.h */ = {isa = PBXFileReference; lastKnownFileType = sourcecode.c.h; path = ArticleViewModel.h; sourceTree = "<group>"; };
		57819E372149F73F001E36EB /* ArticleViewModel.m */ = {isa = PBXFileReference; lastKnownFileType = sourcecode.c.objc; path = ArticleViewModel.m; sourceTree = "<group>"; };
		57840A8A2147B984004D299F /* WallPaperCommentViewController.h */ = {isa = PBXFileReference; lastKnownFileType = sourcecode.c.h; path = WallPaperCommentViewController.h; sourceTree = "<group>"; };
		57840A8B2147B984004D299F /* WallPaperCommentViewController.m */ = {isa = PBXFileReference; lastKnownFileType = sourcecode.c.objc; path = WallPaperCommentViewController.m; sourceTree = "<group>"; };
		57840A8D2147BB62004D299F /* WallPaperCommentCell.h */ = {isa = PBXFileReference; lastKnownFileType = sourcecode.c.h; path = WallPaperCommentCell.h; sourceTree = "<group>"; };
		57840A8E2147BB62004D299F /* WallPaperCommentCell.m */ = {isa = PBXFileReference; lastKnownFileType = sourcecode.c.objc; path = WallPaperCommentCell.m; sourceTree = "<group>"; };
		57840A902147BD4D004D299F /* WallPaperComment.h */ = {isa = PBXFileReference; lastKnownFileType = sourcecode.c.h; path = WallPaperComment.h; sourceTree = "<group>"; };
		57840A912147BD4D004D299F /* WallPaperComment.m */ = {isa = PBXFileReference; lastKnownFileType = sourcecode.c.objc; path = WallPaperComment.m; sourceTree = "<group>"; };
		57840A932147BF66004D299F /* User.h */ = {isa = PBXFileReference; lastKnownFileType = sourcecode.c.h; path = User.h; sourceTree = "<group>"; };
		57840A942147BF66004D299F /* User.m */ = {isa = PBXFileReference; lastKnownFileType = sourcecode.c.objc; path = User.m; sourceTree = "<group>"; };
		57840A962147C465004D299F /* WallPaperCommentCellFrame.h */ = {isa = PBXFileReference; lastKnownFileType = sourcecode.c.h; path = WallPaperCommentCellFrame.h; sourceTree = "<group>"; };
		57840A972147C465004D299F /* WallPaperCommentCellFrame.m */ = {isa = PBXFileReference; lastKnownFileType = sourcecode.c.objc; path = WallPaperCommentCellFrame.m; sourceTree = "<group>"; };
		57840A992147C50D004D299F /* LikeButton.h */ = {isa = PBXFileReference; lastKnownFileType = sourcecode.c.h; path = LikeButton.h; sourceTree = "<group>"; };
		57840A9A2147C50D004D299F /* LikeButton.m */ = {isa = PBXFileReference; lastKnownFileType = sourcecode.c.objc; path = LikeButton.m; sourceTree = "<group>"; };
		57840A9D2147C719004D299F /* UIColor+RAC.m */ = {isa = PBXFileReference; fileEncoding = 4; lastKnownFileType = sourcecode.c.objc; path = "UIColor+RAC.m"; sourceTree = "<group>"; };
		57840A9E2147C719004D299F /* UIColor+RAC.h */ = {isa = PBXFileReference; fileEncoding = 4; lastKnownFileType = sourcecode.c.h; path = "UIColor+RAC.h"; sourceTree = "<group>"; };
		57BD91B121461772005762D0 /* WallPaperCategoryViewController.h */ = {isa = PBXFileReference; lastKnownFileType = sourcecode.c.h; path = WallPaperCategoryViewController.h; sourceTree = "<group>"; };
		57BD91B221461772005762D0 /* WallPaperCategoryViewController.m */ = {isa = PBXFileReference; lastKnownFileType = sourcecode.c.objc; path = WallPaperCategoryViewController.m; sourceTree = "<group>"; };
		57BD91B421461B1D005762D0 /* WallPaperViewModel.h */ = {isa = PBXFileReference; lastKnownFileType = sourcecode.c.h; path = WallPaperViewModel.h; sourceTree = "<group>"; };
		57BD91B521461B1D005762D0 /* WallPaperViewModel.m */ = {isa = PBXFileReference; lastKnownFileType = sourcecode.c.objc; path = WallPaperViewModel.m; sourceTree = "<group>"; };
		57BD91B721461DA2005762D0 /* WallPaperCategoryCell.h */ = {isa = PBXFileReference; lastKnownFileType = sourcecode.c.h; path = WallPaperCategoryCell.h; sourceTree = "<group>"; };
		57BD91B821461DA2005762D0 /* WallPaperCategoryCell.m */ = {isa = PBXFileReference; lastKnownFileType = sourcecode.c.objc; path = WallPaperCategoryCell.m; sourceTree = "<group>"; };
		57BD91BA21461E66005762D0 /* WallPaperCategory.h */ = {isa = PBXFileReference; lastKnownFileType = sourcecode.c.h; path = WallPaperCategory.h; sourceTree = "<group>"; };
		57BD91BB21461E66005762D0 /* WallPaperCategory.m */ = {isa = PBXFileReference; lastKnownFileType = sourcecode.c.objc; path = WallPaperCategory.m; sourceTree = "<group>"; };
		57BD91BD2146598C005762D0 /* WallPaperViewController.h */ = {isa = PBXFileReference; lastKnownFileType = sourcecode.c.h; path = WallPaperViewController.h; sourceTree = "<group>"; };
		57BD91BE2146598C005762D0 /* WallPaperViewController.m */ = {isa = PBXFileReference; lastKnownFileType = sourcecode.c.objc; path = WallPaperViewController.m; sourceTree = "<group>"; };
		57BD91C021465C79005762D0 /* WallPaperCell.h */ = {isa = PBXFileReference; lastKnownFileType = sourcecode.c.h; path = WallPaperCell.h; sourceTree = "<group>"; };
		57BD91C121465C79005762D0 /* WallPaperCell.m */ = {isa = PBXFileReference; lastKnownFileType = sourcecode.c.objc; path = WallPaperCell.m; sourceTree = "<group>"; };
		57BD91C321465F5D005762D0 /* WallPaper.h */ = {isa = PBXFileReference; lastKnownFileType = sourcecode.c.h; path = WallPaper.h; sourceTree = "<group>"; };
		57BD91C421465F5D005762D0 /* WallPaper.m */ = {isa = PBXFileReference; lastKnownFileType = sourcecode.c.objc; path = WallPaper.m; sourceTree = "<group>"; };
		57BD91CF21466E54005762D0 /* OMDownloadManager.h */ = {isa = PBXFileReference; lastKnownFileType = sourcecode.c.h; path = OMDownloadManager.h; sourceTree = "<group>"; };
		57BD91D021466E54005762D0 /* OMDownloadManager.m */ = {isa = PBXFileReference; lastKnownFileType = sourcecode.c.objc; path = OMDownloadManager.m; sourceTree = "<group>"; };
		57BD91D421466F71005762D0 /* DownloadViewController.h */ = {isa = PBXFileReference; lastKnownFileType = sourcecode.c.h; path = DownloadViewController.h; sourceTree = "<group>"; };
		57BD91D521466F71005762D0 /* DownloadViewController.m */ = {isa = PBXFileReference; lastKnownFileType = sourcecode.c.objc; path = DownloadViewController.m; sourceTree = "<group>"; };
		57BD91D821466FF5005762D0 /* DownloadView.h */ = {isa = PBXFileReference; lastKnownFileType = sourcecode.c.h; path = DownloadView.h; sourceTree = "<group>"; };
		57BD91D921466FF5005762D0 /* DownloadView.m */ = {isa = PBXFileReference; lastKnownFileType = sourcecode.c.objc; path = DownloadView.m; sourceTree = "<group>"; };
		57D9BE492142522B0018D5D3 /* RegisterViewController.h */ = {isa = PBXFileReference; lastKnownFileType = sourcecode.c.h; path = RegisterViewController.h; sourceTree = "<group>"; };
		57D9BE4A2142522B0018D5D3 /* RegisterViewController.m */ = {isa = PBXFileReference; lastKnownFileType = sourcecode.c.objc; path = RegisterViewController.m; sourceTree = "<group>"; };
		57D9BE4C214257E30018D5D3 /* RegisterViewModel.h */ = {isa = PBXFileReference; lastKnownFileType = sourcecode.c.h; path = RegisterViewModel.h; sourceTree = "<group>"; };
		57D9BE4D214257E30018D5D3 /* RegisterViewModel.m */ = {isa = PBXFileReference; lastKnownFileType = sourcecode.c.objc; path = RegisterViewModel.m; sourceTree = "<group>"; };
		A600F6C72249C6AED4CDCA08 /* Pods-RAC.release.xcconfig */ = {isa = PBXFileReference; includeInIndex = 1; lastKnownFileType = text.xcconfig; name = "Pods-RAC.release.xcconfig"; path = "Pods/Target Support Files/Pods-RAC/Pods-RAC.release.xcconfig"; sourceTree = "<group>"; };
		C07B8F24BB4C03F917661D3A /* libPods-RAC.a */ = {isa = PBXFileReference; explicitFileType = archive.ar; includeInIndex = 0; path = "libPods-RAC.a"; sourceTree = BUILT_PRODUCTS_DIR; };
		C4D3BAF681FDC3B2331D9258 /* libPods-RACTests.a */ = {isa = PBXFileReference; explicitFileType = archive.ar; includeInIndex = 0; path = "libPods-RACTests.a"; sourceTree = BUILT_PRODUCTS_DIR; };
/* End PBXFileReference section */

/* Begin PBXFrameworksBuildPhase section */
		57654F212138E94200E406F4 /* Frameworks */ = {
			isa = PBXFrameworksBuildPhase;
			buildActionMask = 2147483647;
			files = (
				AE1037D73AC5EED911EA3043 /* libPods-RAC.a in Frameworks */,
			);
			runOnlyForDeploymentPostprocessing = 0;
		};
		57654F392138E94200E406F4 /* Frameworks */ = {
			isa = PBXFrameworksBuildPhase;
			buildActionMask = 2147483647;
			files = (
				D34BD9588A0B31262D57315F /* libPods-RACTests.a in Frameworks */,
			);
			runOnlyForDeploymentPostprocessing = 0;
		};
/* End PBXFrameworksBuildPhase section */

/* Begin PBXGroup section */
		5706698B2139089B0054A2B8 /* Manager */ = {
			isa = PBXGroup;
			children = (
				5706698C213908B90054A2B8 /* OMApiProxy.h */,
				5706698D213908B90054A2B8 /* OMApiProxy.m */,
				57BD91CF21466E54005762D0 /* OMDownloadManager.h */,
				57BD91D021466E54005762D0 /* OMDownloadManager.m */,
				57247A6021475ACB0044D245 /* OMDownloadService.h */,
				57247A6121475ACB0044D245 /* OMDownloadService.m */,
				5737E65B2148A25000423E9E /* DateFormatterManager.h */,
				5737E65C2148A25000423E9E /* DateFormatterManager.m */,
			);
			path = Manager;
			sourceTree = SOURCE_ROOT;
		};
		571F60B321424B1C0024C840 /* Categories */ = {
			isa = PBXGroup;
			children = (
				57840A9C2147C70A004D299F /* Common */,
				576701A8214A4BC000118CE3 /* Video */,
				5767019D214A4A1D00118CE3 /* Article */,
				57247A5421474FB60044D245 /* Download */,
				57247A5021474F370044D245 /* WallPaper */,
				571F60B421424B1C0024C840 /* Login */,
			);
			path = Categories;
			sourceTree = SOURCE_ROOT;
		};
		571F60B421424B1C0024C840 /* Login */ = {
			isa = PBXGroup;
			children = (
				571F60B521424B850024C840 /* CTMediator+Login.h */,
				571F60B621424B850024C840 /* CTMediator+Login.m */,
			);
			path = Login;
			sourceTree = "<group>";
		};
		57247A5021474F370044D245 /* WallPaper */ = {
			isa = PBXGroup;
			children = (
				57247A5121474F420044D245 /* CTMediator+WallPaper.h */,
				57247A5221474F420044D245 /* CTMediator+WallPaper.m */,
			);
			path = WallPaper;
			sourceTree = "<group>";
		};
		57247A5421474FB60044D245 /* Download */ = {
			isa = PBXGroup;
			children = (
				57247A5521474FFC0044D245 /* CTMediator+Download.h */,
				57247A5621474FFC0044D245 /* CTMediator+Download.m */,
			);
			path = Download;
			sourceTree = "<group>";
		};
		57247A58214750440044D245 /* Actions */ = {
			isa = PBXGroup;
			children = (
				57247A59214750610044D245 /* Target_Download.h */,
				57247A5A214750610044D245 /* Target_Download.m */,
			);
			path = Actions;
			sourceTree = "<group>";
		};
		57247A5C214751300044D245 /* Actions */ = {
			isa = PBXGroup;
			children = (
				57247A5D214751410044D245 /* Target_WallPaper.h */,
				57247A5E214751410044D245 /* Target_WallPaper.m */,
			);
			path = Actions;
			sourceTree = "<group>";
		};
		573CD2FDDEF47D23B8FF5149 /* Pods */ = {
			isa = PBXGroup;
			children = (
				1F257DB26617E12DECE13ECD /* Pods-RAC.debug.xcconfig */,
				A600F6C72249C6AED4CDCA08 /* Pods-RAC.release.xcconfig */,
				26C3C1CFB932E20231B2A01E /* Pods-RACTests.debug.xcconfig */,
				31BABFCA511C6335C17FE7A9 /* Pods-RACTests.release.xcconfig */,
			);
			name = Pods;
			sourceTree = "<group>";
		};
		574B92DA21424F87008891EE /* Actions */ = {
			isa = PBXGroup;
			children = (
				574B92DC21424F87008891EE /* Target_Login.h */,
				574B92DB21424F87008891EE /* Target_Login.m */,
			);
			path = Actions;
			sourceTree = "<group>";
		};
		57654F1B2138E94200E406F4 = {
			isa = PBXGroup;
			children = (
				57654F262138E94200E406F4 /* RAC */,
				57654F3F2138E94200E406F4 /* RACTests */,
				57654F252138E94200E406F4 /* Products */,
				573CD2FDDEF47D23B8FF5149 /* Pods */,
				C3B86E86BDE1BCDCE7A23D4A /* Frameworks */,
			);
			sourceTree = "<group>";
		};
		57654F252138E94200E406F4 /* Products */ = {
			isa = PBXGroup;
			children = (
				57654F242138E94200E406F4 /* RAC.app */,
				57654F3C2138E94200E406F4 /* RACTests.xctest */,
			);
			name = Products;
			sourceTree = "<group>";
		};
		57654F262138E94200E406F4 /* RAC */ = {
			isa = PBXGroup;
			children = (
				571F60B321424B1C0024C840 /* Categories */,
				57654F4C2138E97C00E406F4 /* AppDelegate */,
				57654F4D2138E9E000E406F4 /* Modules */,
				5706698B2139089B0054A2B8 /* Manager */,
				57819E3C2149FDFB001E36EB /* Resource */,
				57654F4B2138E96100E406F4 /* Supporting file */,
			);
			path = RAC;
			sourceTree = "<group>";
		};
		57654F3F2138E94200E406F4 /* RACTests */ = {
			isa = PBXGroup;
			children = (
				57654F402138E94300E406F4 /* RACTests.m */,
				57654F422138E94300E406F4 /* Info.plist */,
			);
			path = RACTests;
			sourceTree = "<group>";
		};
		57654F4B2138E96100E406F4 /* Supporting file */ = {
			isa = PBXGroup;
			children = (
				57654F302138E94200E406F4 /* Assets.xcassets */,
				57654F352138E94200E406F4 /* Info.plist */,
				57654F362138E94200E406F4 /* main.m */,
			);
			name = "Supporting file";
			sourceTree = "<group>";
		};
		57654F4C2138E97C00E406F4 /* AppDelegate */ = {
			isa = PBXGroup;
			children = (
				57654F272138E94200E406F4 /* AppDelegate.h */,
				57654F282138E94200E406F4 /* AppDelegate.m */,
				57654F5E2138EA0C00E406F4 /* RootViewController.h */,
				57654F5F2138EA0C00E406F4 /* RootViewController.m */,
			);
			path = AppDelegate;
			sourceTree = SOURCE_ROOT;
		};
		57654F4D2138E9E000E406F4 /* Modules */ = {
			isa = PBXGroup;
			children = (
				57654F4E2138E9E000E406F4 /* Article */,
				57670191214A49A300118CE3 /* Video */,
				57BD91AC21461758005762D0 /* Wallpaper */,
				57654F532138E9E000E406F4 /* User */,
				57BD91D221466F4B005762D0 /* Download */,
			);
			path = Modules;
			sourceTree = SOURCE_ROOT;
		};
		57654F4E2138E9E000E406F4 /* Article */ = {
			isa = PBXGroup;
			children = (
				57654F502138E9E000E406F4 /* Controller */,
				57654F4F2138E9E000E406F4 /* ViewModel */,
				57654F512138E9E000E406F4 /* Model */,
				57654F522138E9E000E406F4 /* View */,
				57670199214A49FA00118CE3 /* Actions */,
			);
			path = Article;
			sourceTree = "<group>";
		};
		57654F4F2138E9E000E406F4 /* ViewModel */ = {
			isa = PBXGroup;
			children = (
				57819E362149F73F001E36EB /* ArticleViewModel.h */,
				57819E372149F73F001E36EB /* ArticleViewModel.m */,
			);
			path = ViewModel;
			sourceTree = "<group>";
		};
		57654F502138E9E000E406F4 /* Controller */ = {
			isa = PBXGroup;
			children = (
				57654F582138E9F700E406F4 /* ArticleViewController.h */,
				57654F592138E9F700E406F4 /* ArticleViewController.m */,
			);
			path = Controller;
			sourceTree = "<group>";
		};
		57654F512138E9E000E406F4 /* Model */ = {
			isa = PBXGroup;
			children = (
			);
			path = Model;
			sourceTree = "<group>";
		};
		57654F522138E9E000E406F4 /* View */ = {
			isa = PBXGroup;
			children = (
				5767018B214A098900118CE3 /* ArticleTitleView.h */,
				5767018C214A098900118CE3 /* ArticleTitleView.m */,
				57670185214A03B700118CE3 /* ParagraphCell.h */,
				57670186214A03B700118CE3 /* ParagraphCell.m */,
			);
			path = View;
			sourceTree = "<group>";
		};
		57654F532138E9E000E406F4 /* User */ = {
			isa = PBXGroup;
			children = (
				57654F552138E9E000E406F4 /* Controller */,
				57654F542138E9E000E406F4 /* ViewModel */,
				57654F562138E9E000E406F4 /* Model */,
				57654F572138E9E000E406F4 /* View */,
				574B92DA21424F87008891EE /* Actions */,
			);
			path = User;
			sourceTree = "<group>";
		};
		57654F542138E9E000E406F4 /* ViewModel */ = {
			isa = PBXGroup;
			children = (
				57066988213905080054A2B8 /* LoginViewModel.h */,
				57066989213905080054A2B8 /* LoginViewModel.m */,
				57D9BE4C214257E30018D5D3 /* RegisterViewModel.h */,
				57D9BE4D214257E30018D5D3 /* RegisterViewModel.m */,
			);
			path = ViewModel;
			sourceTree = "<group>";
		};
		57654F552138E9E000E406F4 /* Controller */ = {
			isa = PBXGroup;
			children = (
				57654F5B2138EA0000E406F4 /* UserViewController.h */,
				57654F5C2138EA0000E406F4 /* UserViewController.m */,
				57066985213904F40054A2B8 /* LoginViewController.h */,
				57066986213904F40054A2B8 /* LoginViewController.m */,
				57D9BE492142522B0018D5D3 /* RegisterViewController.h */,
				57D9BE4A2142522B0018D5D3 /* RegisterViewController.m */,
				571F60B0214247200024C840 /* ForgotPsdViewController.h */,
				571F60B1214247200024C840 /* ForgotPsdViewController.m */,
			);
			path = Controller;
			sourceTree = "<group>";
		};
		57654F562138E9E000E406F4 /* Model */ = {
			isa = PBXGroup;
			children = (
				57840A932147BF66004D299F /* User.h */,
				57840A942147BF66004D299F /* User.m */,
			);
			path = Model;
			sourceTree = "<group>";
		};
		57654F572138E9E000E406F4 /* View */ = {
			isa = PBXGroup;
			children = (
			);
			path = View;
			sourceTree = "<group>";
		};
		57670191214A49A300118CE3 /* Video */ = {
			isa = PBXGroup;
			children = (
				57670193214A49A300118CE3 /* Controller */,
				57670192214A49A300118CE3 /* ViewModel */,
				57670194214A49A300118CE3 /* Model */,
				57670195214A49A300118CE3 /* View */,
				576701AC214A4C0A00118CE3 /* Actions */,
			);
			path = Video;
			sourceTree = "<group>";
		};
		57670192214A49A300118CE3 /* ViewModel */ = {
			isa = PBXGroup;
			children = (
				576701B0214A4EB300118CE3 /* VideoViewModel.h */,
				576701B1214A4EB300118CE3 /* VideoViewModel.m */,
			);
			path = ViewModel;
			sourceTree = "<group>";
		};
		57670193214A49A300118CE3 /* Controller */ = {
			isa = PBXGroup;
			children = (
				57670196214A49C200118CE3 /* VideoViewController.h */,
				57670197214A49C200118CE3 /* VideoViewController.m */,
			);
			path = Controller;
			sourceTree = "<group>";
		};
		57670194214A49A300118CE3 /* Model */ = {
			isa = PBXGroup;
			children = (
				57189BD9214BA59400DEF6C3 /* Media.h */,
				57189BDA214BA59400DEF6C3 /* Media.m */,
				576701B3214A4F5B00118CE3 /* Video.h */,
				576701B4214A4F5B00118CE3 /* Video.m */,
				57189BCA214B8A5000DEF6C3 /* VideoTag.h */,
				57189BCB214B8A5000DEF6C3 /* VideoTag.m */,
				57189BCD214B8B9100DEF6C3 /* VideoAuthor.h */,
				57189BCE214B8B9100DEF6C3 /* VideoAuthor.m */,
				57189BD6214B9C3D00DEF6C3 /* PlayInfo.h */,
				57189BD7214B9C3D00DEF6C3 /* PlayInfo.m */,
			);
			path = Model;
			sourceTree = "<group>";
		};
		57670195214A49A300118CE3 /* View */ = {
			isa = PBXGroup;
			children = (
				57189BD0214B97BD00DEF6C3 /* VideoCell.h */,
				57189BD1214B97BD00DEF6C3 /* VideoCell.m */,
				571EB8482151F411008695C7 /* MediaPlayerView.h */,
				571EB8492151F411008695C7 /* MediaPlayerView.m */,
			);
			path = View;
			sourceTree = "<group>";
		};
		57670199214A49FA00118CE3 /* Actions */ = {
			isa = PBXGroup;
			children = (
				5767019A214A4A0C00118CE3 /* Target_Article.h */,
				5767019B214A4A0C00118CE3 /* Target_Article.m */,
			);
			path = Actions;
			sourceTree = "<group>";
		};
		5767019D214A4A1D00118CE3 /* Article */ = {
			isa = PBXGroup;
			children = (
				576701A1214A4A3E00118CE3 /* CTMediator+Article.h */,
				576701A2214A4A3E00118CE3 /* CTMediator+Article.m */,
			);
			path = Article;
			sourceTree = "<group>";
		};
		576701A8214A4BC000118CE3 /* Video */ = {
			isa = PBXGroup;
			children = (
				576701A9214A4BC000118CE3 /* CTMediator+Video.h */,
				576701AA214A4BC000118CE3 /* CTMediator+Video.m */,
			);
			path = Video;
			sourceTree = "<group>";
		};
		576701AC214A4C0A00118CE3 /* Actions */ = {
			isa = PBXGroup;
			children = (
				576701AD214A4C1F00118CE3 /* Target_Video.h */,
				576701AE214A4C1F00118CE3 /* Target_Video.m */,
			);
			path = Actions;
			sourceTree = "<group>";
		};
		576C082F2150A44E00DFA2B9 /* Vendor */ = {
			isa = PBXGroup;
			children = (
				576C08302150A44E00DFA2B9 /* OMSheetGridView */,
			);
			path = Vendor;
			sourceTree = "<group>";
		};
		576C08302150A44E00DFA2B9 /* OMSheetGridView */ = {
			isa = PBXGroup;
			children = (
				576C08322150A44E00DFA2B9 /* OMSheetGridView.h */,
				576C08342150A44E00DFA2B9 /* OMSheetGridView.m */,
				576C08312150A44E00DFA2B9 /* OMSheetGridCell.h */,
				576C08332150A44E00DFA2B9 /* OMSheetGridCell.m */,
				576C08372150A47200DFA2B9 /* OMSheetGridItem.h */,
				576C08382150A47200DFA2B9 /* OMSheetGridItem.m */,
			);
			path = OMSheetGridView;
			sourceTree = "<group>";
		};
		57819E3C2149FDFB001E36EB /* Resource */ = {
			isa = PBXGroup;
			children = (
				576C082F2150A44E00DFA2B9 /* Vendor */,
				57819E3D2149FDFB001E36EB /* Images */,
				57819E3E2149FDFB001E36EB /* Data */,
			);
			path = Resource;
			sourceTree = SOURCE_ROOT;
		};
		57819E3D2149FDFB001E36EB /* Images */ = {
			isa = PBXGroup;
			children = (
			);
			path = Images;
			sourceTree = "<group>";
		};
		57819E3E2149FDFB001E36EB /* Data */ = {
			isa = PBXGroup;
			children = (
			);
			path = Data;
			sourceTree = "<group>";
		};
		57840A9C2147C70A004D299F /* Common */ = {
			isa = PBXGroup;
			children = (
				57840A9E2147C719004D299F /* UIColor+RAC.h */,
				57840A9D2147C719004D299F /* UIColor+RAC.m */,
				5737E65E2148A7D000423E9E /* NSDate+RAC.h */,
				5737E65F2148A7D000423E9E /* NSDate+RAC.m */,
				5737E6612148B1FF00423E9E /* UIImage+RAC.h */,
				5737E6622148B1FF00423E9E /* UIImage+RAC.m */,
				5737E6642148B3D500423E9E /* UIImageView+RAC.h */,
				5737E6652148B3D500423E9E /* UIImageView+RAC.m */,
			);
			path = Common;
			sourceTree = "<group>";
		};
		57BD91AC21461758005762D0 /* Wallpaper */ = {
			isa = PBXGroup;
			children = (
				57BD91AE21461758005762D0 /* Controller */,
				57BD91AD21461758005762D0 /* ViewModel */,
				57BD91AF21461758005762D0 /* Model */,
				57BD91B021461758005762D0 /* View */,
				57247A5C214751300044D245 /* Actions */,
			);
			path = Wallpaper;
			sourceTree = "<group>";
		};
		57BD91AD21461758005762D0 /* ViewModel */ = {
			isa = PBXGroup;
			children = (
				57BD91B421461B1D005762D0 /* WallPaperViewModel.h */,
				57BD91B521461B1D005762D0 /* WallPaperViewModel.m */,
			);
			path = ViewModel;
			sourceTree = "<group>";
		};
		57BD91AE21461758005762D0 /* Controller */ = {
			isa = PBXGroup;
			children = (
				57BD91B121461772005762D0 /* WallPaperCategoryViewController.h */,
				57BD91B221461772005762D0 /* WallPaperCategoryViewController.m */,
				57BD91BD2146598C005762D0 /* WallPaperViewController.h */,
				57BD91BE2146598C005762D0 /* WallPaperViewController.m */,
				57840A8A2147B984004D299F /* WallPaperCommentViewController.h */,
				57840A8B2147B984004D299F /* WallPaperCommentViewController.m */,
			);
			path = Controller;
			sourceTree = "<group>";
		};
		57BD91AF21461758005762D0 /* Model */ = {
			isa = PBXGroup;
			children = (
				57BD91BA21461E66005762D0 /* WallPaperCategory.h */,
				57BD91BB21461E66005762D0 /* WallPaperCategory.m */,
				57BD91C321465F5D005762D0 /* WallPaper.h */,
				57BD91C421465F5D005762D0 /* WallPaper.m */,
				57840A902147BD4D004D299F /* WallPaperComment.h */,
				57840A912147BD4D004D299F /* WallPaperComment.m */,
				57840A962147C465004D299F /* WallPaperCommentCellFrame.h */,
				57840A972147C465004D299F /* WallPaperCommentCellFrame.m */,
			);
			path = Model;
			sourceTree = "<group>";
		};
		57BD91B021461758005762D0 /* View */ = {
			isa = PBXGroup;
			children = (
				57BD91B721461DA2005762D0 /* WallPaperCategoryCell.h */,
				57BD91B821461DA2005762D0 /* WallPaperCategoryCell.m */,
				57BD91C021465C79005762D0 /* WallPaperCell.h */,
				57BD91C121465C79005762D0 /* WallPaperCell.m */,
				57840A8D2147BB62004D299F /* WallPaperCommentCell.h */,
				57840A8E2147BB62004D299F /* WallPaperCommentCell.m */,
				57840A992147C50D004D299F /* LikeButton.h */,
				57840A9A2147C50D004D299F /* LikeButton.m */,
			);
			path = View;
			sourceTree = "<group>";
		};
		57BD91D221466F4B005762D0 /* Download */ = {
			isa = PBXGroup;
			children = (
				57BD91D321466F5F005762D0 /* Controller */,
				57BD91D721466FD8005762D0 /* View */,
				57247A58214750440044D245 /* Actions */,
			);
			path = Download;
			sourceTree = "<group>";
		};
		57BD91D321466F5F005762D0 /* Controller */ = {
			isa = PBXGroup;
			children = (
				57BD91D421466F71005762D0 /* DownloadViewController.h */,
				57BD91D521466F71005762D0 /* DownloadViewController.m */,
			);
			path = Controller;
			sourceTree = "<group>";
		};
		57BD91D721466FD8005762D0 /* View */ = {
			isa = PBXGroup;
			children = (
				57BD91D821466FF5005762D0 /* DownloadView.h */,
				57BD91D921466FF5005762D0 /* DownloadView.m */,
			);
			path = View;
			sourceTree = "<group>";
		};
		C3B86E86BDE1BCDCE7A23D4A /* Frameworks */ = {
			isa = PBXGroup;
			children = (
				571EB8462151F294008695C7 /* libbz2.1.0.tbd */,
				571EB8442151F1B3008695C7 /* libc++.tbd */,
				571EB8422151F0E9008695C7 /* CoreAudio.framework */,
				571EB8372151E980008695C7 /* VideoToolbox.framework */,
				571EB8352151E978008695C7 /* UIKit.framework */,
				571EB8332151E971008695C7 /* QuartzCore.framework */,
				571EB8312151E96A008695C7 /* OpenGLES.framework */,
				571EB82F2151E963008695C7 /* MobileCoreServices.framework */,
				571EB82D2151E95C008695C7 /* MediaPlayer.framework */,
				571EB82B2151E952008695C7 /* libbz2.tbd */,
				571EB8292151E941008695C7 /* CoreVideo.framework */,
				571EB8272151E937008695C7 /* CoreMedia.framework */,
				571EB8252151E92C008695C7 /* CoreGraphics.framework */,
				571EB8232151E923008695C7 /* AVFoundation.framework */,
				571EB8212151E919008695C7 /* AudioToolbox.framework */,
				C07B8F24BB4C03F917661D3A /* libPods-RAC.a */,
				C4D3BAF681FDC3B2331D9258 /* libPods-RACTests.a */,
			);
			name = Frameworks;
			sourceTree = "<group>";
		};
/* End PBXGroup section */

/* Begin PBXNativeTarget section */
		57654F232138E94200E406F4 /* RAC */ = {
			isa = PBXNativeTarget;
			buildConfigurationList = 57654F452138E94300E406F4 /* Build configuration list for PBXNativeTarget "RAC" */;
			buildPhases = (
				EDE18D3D3642F23602B96B34 /* [CP] Check Pods Manifest.lock */,
				57654F202138E94200E406F4 /* Sources */,
				57654F212138E94200E406F4 /* Frameworks */,
				57654F222138E94200E406F4 /* Resources */,
				B0B4AB19F80665F9CE332BBC /* [CP] Copy Pods Resources */,
				571EB83B2151E9BD008695C7 /* Embed Frameworks */,
			);
			buildRules = (
			);
			dependencies = (
			);
			name = RAC;
			productName = RAC;
			productReference = 57654F242138E94200E406F4 /* RAC.app */;
			productType = "com.apple.product-type.application";
		};
		57654F3B2138E94200E406F4 /* RACTests */ = {
			isa = PBXNativeTarget;
			buildConfigurationList = 57654F482138E94300E406F4 /* Build configuration list for PBXNativeTarget "RACTests" */;
			buildPhases = (
				AF7AEFF68727094AA35E8981 /* [CP] Check Pods Manifest.lock */,
				57654F382138E94200E406F4 /* Sources */,
				57654F392138E94200E406F4 /* Frameworks */,
				57654F3A2138E94200E406F4 /* Resources */,
			);
			buildRules = (
			);
			dependencies = (
				57654F3E2138E94200E406F4 /* PBXTargetDependency */,
			);
			name = RACTests;
			productName = RACTests;
			productReference = 57654F3C2138E94200E406F4 /* RACTests.xctest */;
			productType = "com.apple.product-type.bundle.unit-test";
		};
/* End PBXNativeTarget section */

/* Begin PBXProject section */
		57654F1C2138E94200E406F4 /* Project object */ = {
			isa = PBXProject;
			attributes = {
				LastUpgradeCheck = 0900;
				ORGANIZATIONNAME = "印聪";
				TargetAttributes = {
					57654F232138E94200E406F4 = {
						CreatedOnToolsVersion = 9.0;
						ProvisioningStyle = Automatic;
					};
					57654F3B2138E94200E406F4 = {
						CreatedOnToolsVersion = 9.0;
						ProvisioningStyle = Automatic;
						TestTargetID = 57654F232138E94200E406F4;
					};
				};
			};
			buildConfigurationList = 57654F1F2138E94200E406F4 /* Build configuration list for PBXProject "RAC" */;
			compatibilityVersion = "Xcode 8.0";
			developmentRegion = en;
			hasScannedForEncodings = 0;
			knownRegions = (
				en,
				Base,
			);
			mainGroup = 57654F1B2138E94200E406F4;
			productRefGroup = 57654F252138E94200E406F4 /* Products */;
			projectDirPath = "";
			projectRoot = "";
			targets = (
				57654F232138E94200E406F4 /* RAC */,
				57654F3B2138E94200E406F4 /* RACTests */,
			);
		};
/* End PBXProject section */

/* Begin PBXResourcesBuildPhase section */
		57654F222138E94200E406F4 /* Resources */ = {
			isa = PBXResourcesBuildPhase;
			buildActionMask = 2147483647;
			files = (
				57654F312138E94200E406F4 /* Assets.xcassets in Resources */,
			);
			runOnlyForDeploymentPostprocessing = 0;
		};
		57654F3A2138E94200E406F4 /* Resources */ = {
			isa = PBXResourcesBuildPhase;
			buildActionMask = 2147483647;
			files = (
			);
			runOnlyForDeploymentPostprocessing = 0;
		};
/* End PBXResourcesBuildPhase section */

/* Begin PBXShellScriptBuildPhase section */
		AF7AEFF68727094AA35E8981 /* [CP] Check Pods Manifest.lock */ = {
			isa = PBXShellScriptBuildPhase;
			buildActionMask = 2147483647;
			files = (
			);
			inputPaths = (
				"${PODS_PODFILE_DIR_PATH}/Podfile.lock",
				"${PODS_ROOT}/Manifest.lock",
			);
			name = "[CP] Check Pods Manifest.lock";
			outputPaths = (
				"$(DERIVED_FILE_DIR)/Pods-RACTests-checkManifestLockResult.txt",
			);
			runOnlyForDeploymentPostprocessing = 0;
			shellPath = /bin/sh;
			shellScript = "diff \"${PODS_PODFILE_DIR_PATH}/Podfile.lock\" \"${PODS_ROOT}/Manifest.lock\" > /dev/null\nif [ $? != 0 ] ; then\n    # print error to STDERR\n    echo \"error: The sandbox is not in sync with the Podfile.lock. Run 'pod install' or update your CocoaPods installation.\" >&2\n    exit 1\nfi\n# This output is used by Xcode 'outputs' to avoid re-running this script phase.\necho \"SUCCESS\" > \"${SCRIPT_OUTPUT_FILE_0}\"\n";
			showEnvVarsInLog = 0;
		};
		B0B4AB19F80665F9CE332BBC /* [CP] Copy Pods Resources */ = {
			isa = PBXShellScriptBuildPhase;
			buildActionMask = 2147483647;
			files = (
			);
			inputFileListPaths = (
			);
			inputPaths = (
				"${SRCROOT}/Pods/Target Support Files/Pods-RAC/Pods-RAC-resources.sh",
				"${PODS_ROOT}/IDMPhotoBrowser/Classes/IDMPhotoBrowser.bundle",
				"${PODS_ROOT}/IDMPhotoBrowser/Classes/IDMPBLocalizations.bundle",
				"${PODS_ROOT}/MJRefresh/MJRefresh/MJRefresh.bundle",
				"${PODS_ROOT}/SVProgressHUD/SVProgressHUD/SVProgressHUD.bundle",
			);
			name = "[CP] Copy Pods Resources";
			outputFileListPaths = (
			);
			outputPaths = (
				"${TARGET_BUILD_DIR}/${UNLOCALIZED_RESOURCES_FOLDER_PATH}/IDMPhotoBrowser.bundle",
				"${TARGET_BUILD_DIR}/${UNLOCALIZED_RESOURCES_FOLDER_PATH}/IDMPBLocalizations.bundle",
				"${TARGET_BUILD_DIR}/${UNLOCALIZED_RESOURCES_FOLDER_PATH}/MJRefresh.bundle",
				"${TARGET_BUILD_DIR}/${UNLOCALIZED_RESOURCES_FOLDER_PATH}/SVProgressHUD.bundle",
			);
			runOnlyForDeploymentPostprocessing = 0;
			shellPath = /bin/sh;
			shellScript = "\"${SRCROOT}/Pods/Target Support Files/Pods-RAC/Pods-RAC-resources.sh\"\n";
			showEnvVarsInLog = 0;
		};
		EDE18D3D3642F23602B96B34 /* [CP] Check Pods Manifest.lock */ = {
			isa = PBXShellScriptBuildPhase;
			buildActionMask = 2147483647;
			files = (
			);
			inputPaths = (
				"${PODS_PODFILE_DIR_PATH}/Podfile.lock",
				"${PODS_ROOT}/Manifest.lock",
			);
			name = "[CP] Check Pods Manifest.lock";
			outputPaths = (
				"$(DERIVED_FILE_DIR)/Pods-RAC-checkManifestLockResult.txt",
			);
			runOnlyForDeploymentPostprocessing = 0;
			shellPath = /bin/sh;
			shellScript = "diff \"${PODS_PODFILE_DIR_PATH}/Podfile.lock\" \"${PODS_ROOT}/Manifest.lock\" > /dev/null\nif [ $? != 0 ] ; then\n    # print error to STDERR\n    echo \"error: The sandbox is not in sync with the Podfile.lock. Run 'pod install' or update your CocoaPods installation.\" >&2\n    exit 1\nfi\n# This output is used by Xcode 'outputs' to avoid re-running this script phase.\necho \"SUCCESS\" > \"${SCRIPT_OUTPUT_FILE_0}\"\n";
			showEnvVarsInLog = 0;
		};
/* End PBXShellScriptBuildPhase section */

/* Begin PBXSourcesBuildPhase section */
		57654F202138E94200E406F4 /* Sources */ = {
			isa = PBXSourcesBuildPhase;
			buildActionMask = 2147483647;
			files = (
				57840A952147BF66004D299F /* User.m in Sources */,
				57654F372138E94200E406F4 /* main.m in Sources */,
				57670198214A49C200118CE3 /* VideoViewController.m in Sources */,
				57654F5D2138EA0000E406F4 /* UserViewController.m in Sources */,
				57BD91B921461DA2005762D0 /* WallPaperCategoryCell.m in Sources */,
				57840A9F2147C719004D299F /* UIColor+RAC.m in Sources */,
				57819E382149F73F001E36EB /* ArticleViewModel.m in Sources */,
				57840A922147BD4D004D299F /* WallPaperComment.m in Sources */,
				57066987213904F40054A2B8 /* LoginViewController.m in Sources */,
				57247A5321474F420044D245 /* CTMediator+WallPaper.m in Sources */,
				57BD91D121466E54005762D0 /* OMDownloadManager.m in Sources */,
				57BD91D621466F71005762D0 /* DownloadViewController.m in Sources */,
				571F60B721424B850024C840 /* CTMediator+Login.m in Sources */,
				57189BD2214B97BD00DEF6C3 /* VideoCell.m in Sources */,
				57840A8F2147BB62004D299F /* WallPaperCommentCell.m in Sources */,
				57BD91B621461B1D005762D0 /* WallPaperViewModel.m in Sources */,
				57BD91C221465C79005762D0 /* WallPaperCell.m in Sources */,
				574B92DD21424F87008891EE /* Target_Login.m in Sources */,
				57BD91BF2146598C005762D0 /* WallPaperViewController.m in Sources */,
				5737E6602148A7D000423E9E /* NSDate+RAC.m in Sources */,
				57189BD8214B9C3D00DEF6C3 /* PlayInfo.m in Sources */,
				57189BDB214BA59400DEF6C3 /* Media.m in Sources */,
				57654F292138E94200E406F4 /* AppDelegate.m in Sources */,
				5706698A213905080054A2B8 /* LoginViewModel.m in Sources */,
				5767018D214A098900118CE3 /* ArticleTitleView.m in Sources */,
				576C08392150A47200DFA2B9 /* OMSheetGridItem.m in Sources */,
				57189BCC214B8A5000DEF6C3 /* VideoTag.m in Sources */,
				5737E6662148B3D500423E9E /* UIImageView+RAC.m in Sources */,
				57BD91BC21461E66005762D0 /* WallPaperCategory.m in Sources */,
				57247A5B214750610044D245 /* Target_Download.m in Sources */,
				571EB84A2151F411008695C7 /* MediaPlayerView.m in Sources */,
				57840A982147C465004D299F /* WallPaperCommentCellFrame.m in Sources */,
				576C08362150A44E00DFA2B9 /* OMSheetGridView.m in Sources */,
				57D9BE4B2142522B0018D5D3 /* RegisterViewController.m in Sources */,
				57654F5A2138E9F700E406F4 /* ArticleViewController.m in Sources */,
				57840A8C2147B984004D299F /* WallPaperCommentViewController.m in Sources */,
				57BD91C521465F5D005762D0 /* WallPaper.m in Sources */,
				5737E6632148B1FF00423E9E /* UIImage+RAC.m in Sources */,
				576C08352150A44E00DFA2B9 /* OMSheetGridCell.m in Sources */,
				571F60B2214247200024C840 /* ForgotPsdViewController.m in Sources */,
				5767019C214A4A0C00118CE3 /* Target_Article.m in Sources */,
				57189BCF214B8B9100DEF6C3 /* VideoAuthor.m in Sources */,
				5737E65D2148A25000423E9E /* DateFormatterManager.m in Sources */,
				576701B5214A4F5B00118CE3 /* Video.m in Sources */,
				57654F602138EA0C00E406F4 /* RootViewController.m in Sources */,
				57247A5F214751410044D245 /* Target_WallPaper.m in Sources */,
				576701AF214A4C1F00118CE3 /* Target_Video.m in Sources */,
				57BD91DA21466FF5005762D0 /* DownloadView.m in Sources */,
				57BD91B321461772005762D0 /* WallPaperCategoryViewController.m in Sources */,
				57670187214A03B700118CE3 /* ParagraphCell.m in Sources */,
				576701A3214A4A3E00118CE3 /* CTMediator+Article.m in Sources */,
				576701AB214A4BC000118CE3 /* CTMediator+Video.m in Sources */,
				57D9BE4E214257E30018D5D3 /* RegisterViewModel.m in Sources */,
				57840A9B2147C50D004D299F /* LikeButton.m in Sources */,
				5706698E213908B90054A2B8 /* OMApiProxy.m in Sources */,
				57247A5721474FFC0044D245 /* CTMediator+Download.m in Sources */,
				576701B2214A4EB300118CE3 /* VideoViewModel.m in Sources */,
				57247A6221475ACB0044D245 /* OMDownloadService.m in Sources */,
			);
			runOnlyForDeploymentPostprocessing = 0;
		};
		57654F382138E94200E406F4 /* Sources */ = {
			isa = PBXSourcesBuildPhase;
			buildActionMask = 2147483647;
			files = (
				57654F412138E94300E406F4 /* RACTests.m in Sources */,
			);
			runOnlyForDeploymentPostprocessing = 0;
		};
/* End PBXSourcesBuildPhase section */

/* Begin PBXTargetDependency section */
		57654F3E2138E94200E406F4 /* PBXTargetDependency */ = {
			isa = PBXTargetDependency;
			target = 57654F232138E94200E406F4 /* RAC */;
			targetProxy = 57654F3D2138E94200E406F4 /* PBXContainerItemProxy */;
		};
/* End PBXTargetDependency section */

/* Begin XCBuildConfiguration section */
		57654F432138E94300E406F4 /* Debug */ = {
			isa = XCBuildConfiguration;
			buildSettings = {
				ALWAYS_SEARCH_USER_PATHS = NO;
				CLANG_ANALYZER_NONNULL = YES;
				CLANG_ANALYZER_NUMBER_OBJECT_CONVERSION = YES_AGGRESSIVE;
				CLANG_CXX_LANGUAGE_STANDARD = "gnu++14";
				CLANG_CXX_LIBRARY = "libc++";
				CLANG_ENABLE_MODULES = YES;
				CLANG_ENABLE_OBJC_ARC = YES;
				CLANG_WARN_BLOCK_CAPTURE_AUTORELEASING = YES;
				CLANG_WARN_BOOL_CONVERSION = YES;
				CLANG_WARN_COMMA = YES;
				CLANG_WARN_CONSTANT_CONVERSION = YES;
				CLANG_WARN_DIRECT_OBJC_ISA_USAGE = YES_ERROR;
				CLANG_WARN_DOCUMENTATION_COMMENTS = YES;
				CLANG_WARN_EMPTY_BODY = YES;
				CLANG_WARN_ENUM_CONVERSION = YES;
				CLANG_WARN_INFINITE_RECURSION = YES;
				CLANG_WARN_INT_CONVERSION = YES;
				CLANG_WARN_NON_LITERAL_NULL_CONVERSION = YES;
				CLANG_WARN_OBJC_LITERAL_CONVERSION = YES;
				CLANG_WARN_OBJC_ROOT_CLASS = YES_ERROR;
				CLANG_WARN_RANGE_LOOP_ANALYSIS = YES;
				CLANG_WARN_STRICT_PROTOTYPES = YES;
				CLANG_WARN_SUSPICIOUS_MOVE = YES;
				CLANG_WARN_UNGUARDED_AVAILABILITY = YES_AGGRESSIVE;
				CLANG_WARN_UNREACHABLE_CODE = YES;
				CLANG_WARN__DUPLICATE_METHOD_MATCH = YES;
				CODE_SIGN_IDENTITY = "iPhone Developer";
				COPY_PHASE_STRIP = NO;
				DEBUG_INFORMATION_FORMAT = dwarf;
				ENABLE_STRICT_OBJC_MSGSEND = YES;
				ENABLE_TESTABILITY = YES;
				GCC_C_LANGUAGE_STANDARD = gnu11;
				GCC_DYNAMIC_NO_PIC = NO;
				GCC_NO_COMMON_BLOCKS = YES;
				GCC_OPTIMIZATION_LEVEL = 0;
				GCC_PREPROCESSOR_DEFINITIONS = (
					"DEBUG=1",
					"$(inherited)",
				);
				GCC_WARN_64_TO_32_BIT_CONVERSION = YES;
				GCC_WARN_ABOUT_RETURN_TYPE = YES_ERROR;
				GCC_WARN_UNDECLARED_SELECTOR = YES;
				GCC_WARN_UNINITIALIZED_AUTOS = YES_AGGRESSIVE;
				GCC_WARN_UNUSED_FUNCTION = YES;
				GCC_WARN_UNUSED_VARIABLE = YES;
				IPHONEOS_DEPLOYMENT_TARGET = 11.0;
				MTL_ENABLE_DEBUG_INFO = YES;
				ONLY_ACTIVE_ARCH = YES;
				SDKROOT = iphoneos;
			};
			name = Debug;
		};
		57654F442138E94300E406F4 /* Release */ = {
			isa = XCBuildConfiguration;
			buildSettings = {
				ALWAYS_SEARCH_USER_PATHS = NO;
				CLANG_ANALYZER_NONNULL = YES;
				CLANG_ANALYZER_NUMBER_OBJECT_CONVERSION = YES_AGGRESSIVE;
				CLANG_CXX_LANGUAGE_STANDARD = "gnu++14";
				CLANG_CXX_LIBRARY = "libc++";
				CLANG_ENABLE_MODULES = YES;
				CLANG_ENABLE_OBJC_ARC = YES;
				CLANG_WARN_BLOCK_CAPTURE_AUTORELEASING = YES;
				CLANG_WARN_BOOL_CONVERSION = YES;
				CLANG_WARN_COMMA = YES;
				CLANG_WARN_CONSTANT_CONVERSION = YES;
				CLANG_WARN_DIRECT_OBJC_ISA_USAGE = YES_ERROR;
				CLANG_WARN_DOCUMENTATION_COMMENTS = YES;
				CLANG_WARN_EMPTY_BODY = YES;
				CLANG_WARN_ENUM_CONVERSION = YES;
				CLANG_WARN_INFINITE_RECURSION = YES;
				CLANG_WARN_INT_CONVERSION = YES;
				CLANG_WARN_NON_LITERAL_NULL_CONVERSION = YES;
				CLANG_WARN_OBJC_LITERAL_CONVERSION = YES;
				CLANG_WARN_OBJC_ROOT_CLASS = YES_ERROR;
				CLANG_WARN_RANGE_LOOP_ANALYSIS = YES;
				CLANG_WARN_STRICT_PROTOTYPES = YES;
				CLANG_WARN_SUSPICIOUS_MOVE = YES;
				CLANG_WARN_UNGUARDED_AVAILABILITY = YES_AGGRESSIVE;
				CLANG_WARN_UNREACHABLE_CODE = YES;
				CLANG_WARN__DUPLICATE_METHOD_MATCH = YES;
				CODE_SIGN_IDENTITY = "iPhone Developer";
				COPY_PHASE_STRIP = NO;
				DEBUG_INFORMATION_FORMAT = "dwarf-with-dsym";
				ENABLE_NS_ASSERTIONS = NO;
				ENABLE_STRICT_OBJC_MSGSEND = YES;
				GCC_C_LANGUAGE_STANDARD = gnu11;
				GCC_NO_COMMON_BLOCKS = YES;
				GCC_WARN_64_TO_32_BIT_CONVERSION = YES;
				GCC_WARN_ABOUT_RETURN_TYPE = YES_ERROR;
				GCC_WARN_UNDECLARED_SELECTOR = YES;
				GCC_WARN_UNINITIALIZED_AUTOS = YES_AGGRESSIVE;
				GCC_WARN_UNUSED_FUNCTION = YES;
				GCC_WARN_UNUSED_VARIABLE = YES;
				IPHONEOS_DEPLOYMENT_TARGET = 11.0;
				MTL_ENABLE_DEBUG_INFO = NO;
				SDKROOT = iphoneos;
				VALIDATE_PRODUCT = YES;
			};
			name = Release;
		};
		57654F462138E94300E406F4 /* Debug */ = {
			isa = XCBuildConfiguration;
			baseConfigurationReference = 1F257DB26617E12DECE13ECD /* Pods-RAC.debug.xcconfig */;
			buildSettings = {
				ASSETCATALOG_COMPILER_APPICON_NAME = AppIcon;
				CODE_SIGN_STYLE = Automatic;
				FRAMEWORK_SEARCH_PATHS = (
					"$(inherited)",
					"$(PROJECT_DIR)/Resource/Vendor",
					"$(PROJECT_DIR)/RAC",
				);
				INFOPLIST_FILE = RAC/Info.plist;
				IPHONEOS_DEPLOYMENT_TARGET = 8.0;
				LD_RUNPATH_SEARCH_PATHS = "$(inherited) @executable_path/Frameworks";
				PRODUCT_BUNDLE_IDENTIFIER = ttpai.RAC;
				PRODUCT_NAME = "$(TARGET_NAME)";
				TARGETED_DEVICE_FAMILY = 1;
			};
			name = Debug;
		};
		57654F472138E94300E406F4 /* Release */ = {
			isa = XCBuildConfiguration;
			baseConfigurationReference = A600F6C72249C6AED4CDCA08 /* Pods-RAC.release.xcconfig */;
			buildSettings = {
				ASSETCATALOG_COMPILER_APPICON_NAME = AppIcon;
				CODE_SIGN_STYLE = Automatic;
				FRAMEWORK_SEARCH_PATHS = (
					"$(inherited)",
					"$(PROJECT_DIR)/Resource/Vendor",
					"$(PROJECT_DIR)/RAC",
				);
				INFOPLIST_FILE = RAC/Info.plist;
				IPHONEOS_DEPLOYMENT_TARGET = 8.0;
				LD_RUNPATH_SEARCH_PATHS = "$(inherited) @executable_path/Frameworks";
				PRODUCT_BUNDLE_IDENTIFIER = ttpai.RAC;
				PRODUCT_NAME = "$(TARGET_NAME)";
				TARGETED_DEVICE_FAMILY = 1;
			};
			name = Release;
		};
		57654F492138E94300E406F4 /* Debug */ = {
			isa = XCBuildConfiguration;
			baseConfigurationReference = 26C3C1CFB932E20231B2A01E /* Pods-RACTests.debug.xcconfig */;
			buildSettings = {
				BUNDLE_LOADER = "$(TEST_HOST)";
				CODE_SIGN_STYLE = Automatic;
				INFOPLIST_FILE = RACTests/Info.plist;
				LD_RUNPATH_SEARCH_PATHS = "$(inherited) @executable_path/Frameworks @loader_path/Frameworks";
				PRODUCT_BUNDLE_IDENTIFIER = ttpai.RACTests;
				PRODUCT_NAME = "$(TARGET_NAME)";
				TARGETED_DEVICE_FAMILY = "1,2";
				TEST_HOST = "$(BUILT_PRODUCTS_DIR)/RAC.app/RAC";
			};
			name = Debug;
		};
		57654F4A2138E94300E406F4 /* Release */ = {
			isa = XCBuildConfiguration;
			baseConfigurationReference = 31BABFCA511C6335C17FE7A9 /* Pods-RACTests.release.xcconfig */;
			buildSettings = {
				BUNDLE_LOADER = "$(TEST_HOST)";
				CODE_SIGN_STYLE = Automatic;
				INFOPLIST_FILE = RACTests/Info.plist;
				LD_RUNPATH_SEARCH_PATHS = "$(inherited) @executable_path/Frameworks @loader_path/Frameworks";
				PRODUCT_BUNDLE_IDENTIFIER = ttpai.RACTests;
				PRODUCT_NAME = "$(TARGET_NAME)";
				TARGETED_DEVICE_FAMILY = "1,2";
				TEST_HOST = "$(BUILT_PRODUCTS_DIR)/RAC.app/RAC";
			};
			name = Release;
		};
/* End XCBuildConfiguration section */

/* Begin XCConfigurationList section */
		57654F1F2138E94200E406F4 /* Build configuration list for PBXProject "RAC" */ = {
			isa = XCConfigurationList;
			buildConfigurations = (
				57654F432138E94300E406F4 /* Debug */,
				57654F442138E94300E406F4 /* Release */,
			);
			defaultConfigurationIsVisible = 0;
			defaultConfigurationName = Release;
		};
		57654F452138E94300E406F4 /* Build configuration list for PBXNativeTarget "RAC" */ = {
			isa = XCConfigurationList;
			buildConfigurations = (
				57654F462138E94300E406F4 /* Debug */,
				57654F472138E94300E406F4 /* Release */,
			);
			defaultConfigurationIsVisible = 0;
			defaultConfigurationName = Release;
		};
		57654F482138E94300E406F4 /* Build configuration list for PBXNativeTarget "RACTests" */ = {
			isa = XCConfigurationList;
			buildConfigurations = (
				57654F492138E94300E406F4 /* Debug */,
				57654F4A2138E94300E406F4 /* Release */,
			);
			defaultConfigurationIsVisible = 0;
			defaultConfigurationName = Release;
		};
/* End XCConfigurationList section */
	};
	rootObject = 57654F1C2138E94200E406F4 /* Project object */;
}
